
Microsoft Visual Studio Solution File, Format Version 12.00
# Visual Studio Version 16
VisualStudioVersion = 16.0.31321.278
MinimumVisualStudioVersion = 10.0.40219.1
Project("{888888A0-9F3D-457C-B088-3A5042F75D52}") = "alien_invasion", "alien_invasion.pyproj", "{8EA81F8A-0BFC-483B-977D-F0A6B708B1AB}"
EndProject
Global
	GlobalSection(SolutionConfigurationPlatforms) = preSolution
		Debug|Any CPU = Debug|Any CPU
		Release|Any CPU = Release|Any CPU
	EndGlobalSection
	GlobalSection(ProjectConfigurationPlatforms) = postSolution
		{8EA81F8A-0BFC-483B-977D-F0A6B708B1AB}.Debug|Any CPU.ActiveCfg = Debug|Any CPU
		{8EA81F8A-0BFC-483B-977D-F0A6B708B1AB}.Release|Any CPU.ActiveCfg = Release|Any CPU
	EndGlobalSection
	GlobalSection(SolutionProperties) = preSolution
		HideSolutionNode = FALSE
	EndGlobalSection
	GlobalSection(ExtensibilityGlobals) = postSolution
		SolutionGuid = {DF92C0BA-0F39-4656-8B08-646D6E8A27D5}
	EndGlobalSection
EndGlobal
